github.com/proggcreator/go_task2 v0.0.0-20210723093012-e979cabced38 h1:HdHCrj2iDXc3VIiS3g/tjK5oNit3L7ubeS0DUr0JcM4=
github.com/proggcreator/go_task2/task2 v0.0.0-20210723100201-ecf6eaf6a480 h1:eAQtRk6gX/8RUIEmSXwHSgTgtb/abz32v+n7L8vXi4U=
github.com/proggcreator/go_task2/task2/unpack v0.0.0-20210723100201-ecf6eaf6a480 h1:3MN95cG+DcVkKD5wA7sxXIfh9K4GrcfHlxZF7YUrQK4=
github.com/proggcreator/go_task2/task2/unpack v0.0.0-20210723100201-ecf6eaf6a480/go.mod h1:0AjqUbolOkq8mHNWbi0Gz+Xo7FARjR/QOg2agcLa0Lo=
